<?xml version="1.0" encoding="utf-8"?>
<Project ToolsVersion="4.0" xmlns="http://schemas.microsoft.com/developer/msbuild/2003">
  <ItemGroup>
    <Filter Include="Source files">
      <UniqueIdentifier>{14fe04e1-71a5-43c0-8484-9185ef42a624}</UniqueIdentifier>
      <Extensions>cpp;c;cc;cxx;def;odl;idl;hpj;bat;asm;asmx</Extensions>
    </Filter>
    <Filter Include="Header files">
      <UniqueIdentifier>{dbd6f431-48bb-4223-ac66-3d62adedf879}</UniqueIdentifier>
      <Extensions>h;hpp;hxx;hm;inl;inc;xsd</Extensions>
    </Filter>
    <Filter Include="Resource files">
      <UniqueIdentifier>{0a16b965-bbe9-40ce-b42a-094a1e6fdf34}</UniqueIdentifier>
      <Extensions>rc;ico;cur;bmp;dlg;rc2;rct;bin;rgs;gif;jpg;jpeg;jpe;resx;tiff;tif;png;wav</Extensions>
    </Filter>
    <Filter Include="Source files\Startup">
      <UniqueIdentifier>{30b3743c-80ac-457c-b60f-5c775a93407d}</UniqueIdentifier>
    </Filter>
    <Filter Include="Source files\STM32Cube HAL">
      <UniqueIdentifier>{345d5cfa-1fb3-47ff-aa92-eafa3c4cbe98}</UniqueIdentifier>
    </Filter>
    <Filter Include="Source files\STM32Cube HAL\COMMON">
      <UniqueIdentifier>{2ba881df-ce4a-41a7-aef9-26d46e617155}</UniqueIdentifier>
    </Filter>
    <Filter Include="Source files\STM32Cube HAL\ADC">
      <UniqueIdentifier>{4ca5cdd3-cc28-4e3e-a11e-59b7aa58e61b}</UniqueIdentifier>
    </Filter>
    <Filter Include="Source files\STM32Cube HAL\RCC">
      <UniqueIdentifier>{26ef54c8-d32b-42b9-8b84-eb8df8fd60bd}</UniqueIdentifier>
    </Filter>
    <Filter Include="Source files\STM32Cube HAL\CORTEX">
      <UniqueIdentifier>{3e7162d5-bc66-4584-8f23-688a642c64b1}</UniqueIdentifier>
    </Filter>
    <Filter Include="Source files\STM32Cube HAL\UCPD">
      <UniqueIdentifier>{bbc6d6fd-9d67-4288-aadf-652a8f96cc16}</UniqueIdentifier>
    </Filter>
    <Filter Include="Source files\STM32Cube HAL\EXTI">
      <UniqueIdentifier>{9d59df13-d9cf-4eeb-8be6-a160127d1ade}</UniqueIdentifier>
    </Filter>
    <Filter Include="Source files\STM32Cube HAL\DMA">
      <UniqueIdentifier>{bf124a55-1730-4b96-9fc5-f42efb4b15cc}</UniqueIdentifier>
    </Filter>
    <Filter Include="Source files\STM32Cube HAL\TIM">
      <UniqueIdentifier>{2b56436b-3a74-4e73-81da-004c3a43a8bc}</UniqueIdentifier>
    </Filter>
    <Filter Include="Source files\STM32Cube HAL\PWR">
      <UniqueIdentifier>{113fd35e-19f0-4a86-b98b-062fbca038ee}</UniqueIdentifier>
    </Filter>
    <Filter Include="Source files\STM32Cube HAL\FLASH">
      <UniqueIdentifier>{7261e903-225f-46e3-8897-2d4481a2fae0}</UniqueIdentifier>
    </Filter>
    <Filter Include="Source files\STM32Cube HAL\GPIO">
      <UniqueIdentifier>{2ce5e8dd-f10d-4456-9c63-6f1996b0d85b}</UniqueIdentifier>
    </Filter>
    <Filter Include="Source files\Device-specific files">
      <UniqueIdentifier>{cb4349fc-fa8b-4feb-88c0-87eb6f128bc3}</UniqueIdentifier>
    </Filter>
    <Filter Include="Header files\Startup">
      <UniqueIdentifier>{528879fa-e36f-4e21-8c60-8973a7ecff91}</UniqueIdentifier>
    </Filter>
    <Filter Include="Header files\STM32Cube HAL">
      <UniqueIdentifier>{adb4d5f7-79bf-483e-9a16-9dd8564b2416}</UniqueIdentifier>
    </Filter>
    <Filter Include="Header files\STM32Cube HAL\COMMON">
      <UniqueIdentifier>{43490275-ec50-4e90-9a8a-358557de4d3c}</UniqueIdentifier>
    </Filter>
    <Filter Include="Header files\STM32Cube HAL\ADC">
      <UniqueIdentifier>{37c21898-fe44-4db5-be31-a96a6525ce11}</UniqueIdentifier>
    </Filter>
    <Filter Include="Header files\STM32Cube HAL\RCC">
      <UniqueIdentifier>{12ef36ee-4225-43c2-8179-fe2f9cf1eadd}</UniqueIdentifier>
    </Filter>
    <Filter Include="Header files\STM32Cube HAL\CORTEX">
      <UniqueIdentifier>{fdf5b17c-26c3-4463-a9c9-199755bf55e0}</UniqueIdentifier>
    </Filter>
    <Filter Include="Header files\STM32Cube HAL\UCPD">
      <UniqueIdentifier>{56d94f22-6787-4ae7-9ce5-c220b6feb32c}</UniqueIdentifier>
    </Filter>
    <Filter Include="Header files\STM32Cube HAL\EXTI">
      <UniqueIdentifier>{df49a245-1184-486e-a7bb-f591bd4cfae7}</UniqueIdentifier>
    </Filter>
    <Filter Include="Header files\STM32Cube HAL\DMA">
      <UniqueIdentifier>{45b47f4a-77a2-44a5-9b14-252a747cfb73}</UniqueIdentifier>
    </Filter>
    <Filter Include="Header files\STM32Cube HAL\TIM">
      <UniqueIdentifier>{bec969d6-74ea-46bc-befc-0dff3a935b5e}</UniqueIdentifier>
    </Filter>
    <Filter Include="Header files\STM32Cube HAL\PWR">
      <UniqueIdentifier>{efc6e6b8-d170-4e6b-83f2-646117eb0d99}</UniqueIdentifier>
    </Filter>
    <Filter Include="Header files\STM32Cube HAL\FLASH">
      <UniqueIdentifier>{85585ae5-1a56-44a7-81b2-d5ceda5c1a7f}</UniqueIdentifier>
    </Filter>
    <Filter Include="Header files\STM32Cube HAL\GPIO">
      <UniqueIdentifier>{c395d82f-5c67-4d10-8231-8996a814f65d}</UniqueIdentifier>
    </Filter>
    <Filter Include="Header files\Device-specific files">
      <UniqueIdentifier>{00566d11-1dec-4687-92c7-a675cee1b059}</UniqueIdentifier>
    </Filter>
    <Filter Include="Make files">
      <UniqueIdentifier>{6b24fedf-1955-4332-bf78-f5a6be040994}</UniqueIdentifier>
      <Extensions>mak</Extensions>
    </Filter>
    <Filter Include="VisualGDB settings">
      <UniqueIdentifier>{8c93a507-ea6f-4841-9841-95f16f68cbe4}</UniqueIdentifier>
      <Extensions>vgdbsettings</Extensions>
    </Filter>
  </ItemGroup>
  <ItemGroup>
    <ClCompile Include="Core\Src\stm32g0xx_it.c">
      <Filter>Source files</Filter>
    </ClCompile>
    <ClCompile Include="Core\Src\stm32g0xx_hal_msp.c">
      <Filter>Source files</Filter>
    </ClCompile>
    <ClCompile Include="Core\Src\stm32g0xx_hal_timebase_tim.c">
      <Filter>Source files</Filter>
    </ClCompile>
    <ClCompile Include="Core\Src\main.c">
      <Filter>Source files</Filter>
    </ClCompile>
    <ClCompile Include="Drivers\CMSIS\Device\ST\STM32G0xx\Source\Templates\system_stm32g0xx.c">
      <Filter>Source files\Startup</Filter>
    </ClCompile>
    <ClCompile Include="Drivers\STM32G0xx_HAL_Driver\Src\stm32g0xx_hal.c">
      <Filter>Source files\STM32Cube HAL\COMMON</Filter>
    </ClCompile>
    <ClCompile Include="Drivers\STM32G0xx_HAL_Driver\Src\stm32g0xx_hal_adc.c">
      <Filter>Source files\STM32Cube HAL\ADC</Filter>
    </ClCompile>
    <ClCompile Include="Drivers\STM32G0xx_HAL_Driver\Src\stm32g0xx_hal_adc_ex.c">
      <Filter>Source files\STM32Cube HAL\ADC</Filter>
    </ClCompile>
    <ClCompile Include="Drivers\STM32G0xx_HAL_Driver\Src\stm32g0xx_ll_adc.c">
      <Filter>Source files\STM32Cube HAL\ADC</Filter>
    </ClCompile>
    <ClCompile Include="Drivers\STM32G0xx_HAL_Driver\Src\stm32g0xx_hal_rcc.c">
      <Filter>Source files\STM32Cube HAL\RCC</Filter>
    </ClCompile>
    <ClCompile Include="Drivers\STM32G0xx_HAL_Driver\Src\stm32g0xx_hal_rcc_ex.c">
      <Filter>Source files\STM32Cube HAL\RCC</Filter>
    </ClCompile>
    <ClCompile Include="Drivers\STM32G0xx_HAL_Driver\Src\stm32g0xx_ll_rcc.c">
      <Filter>Source files\STM32Cube HAL\RCC</Filter>
    </ClCompile>
    <ClCompile Include="Drivers\STM32G0xx_HAL_Driver\Src\stm32g0xx_hal_cortex.c">
      <Filter>Source files\STM32Cube HAL\CORTEX</Filter>
    </ClCompile>
    <ClCompile Include="Drivers\STM32G0xx_HAL_Driver\Src\stm32g0xx_hal_exti.c">
      <Filter>Source files\STM32Cube HAL\EXTI</Filter>
    </ClCompile>
    <ClCompile Include="Drivers\STM32G0xx_HAL_Driver\Src\stm32g0xx_hal_dma.c">
      <Filter>Source files\STM32Cube HAL\DMA</Filter>
    </ClCompile>
    <ClCompile Include="Drivers\STM32G0xx_HAL_Driver\Src\stm32g0xx_hal_dma_ex.c">
      <Filter>Source files\STM32Cube HAL\DMA</Filter>
    </ClCompile>
    <ClCompile Include="Drivers\STM32G0xx_HAL_Driver\Src\stm32g0xx_hal_tim.c">
      <Filter>Source files\STM32Cube HAL\TIM</Filter>
    </ClCompile>
    <ClCompile Include="Drivers\STM32G0xx_HAL_Driver\Src\stm32g0xx_hal_tim_ex.c">
      <Filter>Source files\STM32Cube HAL\TIM</Filter>
    </ClCompile>
    <ClCompile Include="Drivers\STM32G0xx_HAL_Driver\Src\stm32g0xx_hal_pwr.c">
      <Filter>Source files\STM32Cube HAL\PWR</Filter>
    </ClCompile>
    <ClCompile Include="Drivers\STM32G0xx_HAL_Driver\Src\stm32g0xx_hal_pwr_ex.c">
      <Filter>Source files\STM32Cube HAL\PWR</Filter>
    </ClCompile>
    <ClCompile Include="Drivers\STM32G0xx_HAL_Driver\Src\stm32g0xx_hal_flash.c">
      <Filter>Source files\STM32Cube HAL\FLASH</Filter>
    </ClCompile>
    <ClCompile Include="Drivers\STM32G0xx_HAL_Driver\Src\stm32g0xx_hal_flash_ex.c">
      <Filter>Source files\STM32Cube HAL\FLASH</Filter>
    </ClCompile>
    <ClCompile Include="Drivers\STM32G0xx_HAL_Driver\Src\stm32g0xx_hal_gpio.c">
      <Filter>Source files\STM32Cube HAL\GPIO</Filter>
    </ClCompile>
  </ItemGroup>
  <ItemGroup>
    <None Include="stm32.mak">
      <Filter>Source files\Device-specific files</Filter>
    </None>
    <None Include="Makefile" />
    <None Include="debug.mak">
      <Filter>Make files</Filter>
    </None>
    <None Include="release.mak">
      <Filter>Make files</Filter>
    </None>
    <None Include="papr_blower_stm32g031j6-Debug.vgdbsettings">
      <Filter>VisualGDB settings</Filter>
    </None>
    <None Include="papr_blower_stm32g031j6-Release.vgdbsettings">
      <Filter>VisualGDB settings</Filter>
    </None>
    <None Include="startup_stm32g031xx.s" />
    <None Include="STM32G031J6Mx_FLASH.ld">
      <Filter>Source files</Filter>
    </None>
  </ItemGroup>
  <ItemGroup>
    <ClInclude Include="Core\Inc\stm32g0xx_it.h">
      <Filter>Header files</Filter>
    </ClInclude>
    <ClInclude Include="Core\Inc\stm32g0xx_hal_conf.h">
      <Filter>Header files</Filter>
    </ClInclude>
    <ClInclude Include="Core\Inc\main.h">
      <Filter>Header files</Filter>
    </ClInclude>
    <ClInclude Include="Drivers\CMSIS\Device\ST\STM32G0xx\Include\stm32g0xx.h">
      <Filter>Header files\Startup</Filter>
    </ClInclude>
    <ClInclude Include="Drivers\CMSIS\Device\ST\STM32G0xx\Include\system_stm32g0xx.h">
      <Filter>Header files\Startup</Filter>
    </ClInclude>
    <ClInclude Include="Drivers\STM32G0xx_HAL_Driver\Inc\stm32g0xx_hal.h">
      <Filter>Header files\STM32Cube HAL\COMMON</Filter>
    </ClInclude>
    <ClInclude Include="Drivers\STM32G0xx_HAL_Driver\Inc\stm32g0xx_hal_def.h">
      <Filter>Header files\STM32Cube HAL\COMMON</Filter>
    </ClInclude>
    <ClInclude Include="Drivers\STM32G0xx_HAL_Driver\Inc\Legacy\stm32_hal_legacy.h">
      <Filter>Header files\STM32Cube HAL\COMMON</Filter>
    </ClInclude>
    <ClInclude Include="Drivers\STM32G0xx_HAL_Driver\Inc\stm32g0xx_hal_adc.h">
      <Filter>Header files\STM32Cube HAL\ADC</Filter>
    </ClInclude>
    <ClInclude Include="Drivers\STM32G0xx_HAL_Driver\Inc\stm32g0xx_hal_adc_ex.h">
      <Filter>Header files\STM32Cube HAL\ADC</Filter>
    </ClInclude>
    <ClInclude Include="Drivers\STM32G0xx_HAL_Driver\Inc\stm32g0xx_ll_adc.h">
      <Filter>Header files\STM32Cube HAL\ADC</Filter>
    </ClInclude>
    <ClInclude Include="Drivers\STM32G0xx_HAL_Driver\Inc\stm32g0xx_hal_rcc.h">
      <Filter>Header files\STM32Cube HAL\RCC</Filter>
    </ClInclude>
    <ClInclude Include="Drivers\STM32G0xx_HAL_Driver\Inc\stm32g0xx_hal_rcc_ex.h">
      <Filter>Header files\STM32Cube HAL\RCC</Filter>
    </ClInclude>
    <ClInclude Include="Drivers\STM32G0xx_HAL_Driver\Inc\stm32g0xx_ll_rcc.h">
      <Filter>Header files\STM32Cube HAL\RCC</Filter>
    </ClInclude>
    <ClInclude Include="Drivers\STM32G0xx_HAL_Driver\Inc\stm32g0xx_hal_cortex.h">
      <Filter>Header files\STM32Cube HAL\CORTEX</Filter>
    </ClInclude>
    <ClInclude Include="Drivers\STM32G0xx_HAL_Driver\Inc\stm32g0xx_ll_system.h">
      <Filter>Header files\STM32Cube HAL\UCPD</Filter>
    </ClInclude>
    <ClInclude Include="Drivers\STM32G0xx_HAL_Driver\Inc\stm32g0xx_hal_exti.h">
      <Filter>Header files\STM32Cube HAL\EXTI</Filter>
    </ClInclude>
    <ClInclude Include="Drivers\STM32G0xx_HAL_Driver\Inc\stm32g0xx_hal_dma.h">
      <Filter>Header files\STM32Cube HAL\DMA</Filter>
    </ClInclude>
    <ClInclude Include="Drivers\STM32G0xx_HAL_Driver\Inc\stm32g0xx_hal_dma_ex.h">
      <Filter>Header files\STM32Cube HAL\DMA</Filter>
    </ClInclude>
    <ClInclude Include="Drivers\STM32G0xx_HAL_Driver\Inc\stm32g0xx_hal_tim.h">
      <Filter>Header files\STM32Cube HAL\TIM</Filter>
    </ClInclude>
    <ClInclude Include="Drivers\STM32G0xx_HAL_Driver\Inc\stm32g0xx_hal_tim_ex.h">
      <Filter>Header files\STM32Cube HAL\TIM</Filter>
    </ClInclude>
    <ClInclude Include="Drivers\STM32G0xx_HAL_Driver\Inc\stm32g0xx_hal_pwr.h">
      <Filter>Header files\STM32Cube HAL\PWR</Filter>
    </ClInclude>
    <ClInclude Include="Drivers\STM32G0xx_HAL_Driver\Inc\stm32g0xx_hal_pwr_ex.h">
      <Filter>Header files\STM32Cube HAL\PWR</Filter>
    </ClInclude>
    <ClInclude Include="Drivers\STM32G0xx_HAL_Driver\Inc\stm32g0xx_hal_flash.h">
      <Filter>Header files\STM32Cube HAL\FLASH</Filter>
    </ClInclude>
    <ClInclude Include="Drivers\STM32G0xx_HAL_Driver\Inc\stm32g0xx_hal_flash_ex.h">
      <Filter>Header files\STM32Cube HAL\FLASH</Filter>
    </ClInclude>
    <ClInclude Include="Drivers\STM32G0xx_HAL_Driver\Inc\stm32g0xx_hal_flash_ramfunc.h">
      <Filter>Header files\STM32Cube HAL\FLASH</Filter>
    </ClInclude>
    <ClInclude Include="Drivers\STM32G0xx_HAL_Driver\Inc\stm32g0xx_hal_gpio.h">
      <Filter>Header files\STM32Cube HAL\GPIO</Filter>
    </ClInclude>
    <ClInclude Include="Drivers\STM32G0xx_HAL_Driver\Inc\stm32g0xx_hal_gpio_ex.h">
      <Filter>Header files\STM32Cube HAL\GPIO</Filter>
    </ClInclude>
  </ItemGroup>
  <ItemGroup>
    <Xml Include="stm32.xml">
      <Filter>VisualGDB settings</Filter>
    </Xml>
  </ItemGroup>
</Project>